// !$*UTF8*$!
{
	archiveVersion = 1;
	classes = {
	};
	objectVersion = 46;
	objects = {

/* Begin PBXBuildFile section */
		570C45661AA2311400977EF5 /* AppDelegate.swift in Sources */ = {isa = PBXBuildFile; fileRef = 570C45651AA2311400977EF5 /* AppDelegate.swift */; };
		570C45681AA2311400977EF5 /* ViewController.swift in Sources */ = {isa = PBXBuildFile; fileRef = 570C45671AA2311400977EF5 /* ViewController.swift */; };
		570C456B1AA2311400977EF5 /* Main.storyboard in Resources */ = {isa = PBXBuildFile; fileRef = 570C45691AA2311400977EF5 /* Main.storyboard */; };
		570C456D1AA2311400977EF5 /* Images.xcassets in Resources */ = {isa = PBXBuildFile; fileRef = 570C456C1AA2311400977EF5 /* Images.xcassets */; };
		570C45701AA2311400977EF5 /* LaunchScreen.xib in Resources */ = {isa = PBXBuildFile; fileRef = 570C456E1AA2311400977EF5 /* LaunchScreen.xib */; };
		570C457C1AA2311400977EF5 /* NLinkTests.swift in Sources */ = {isa = PBXBuildFile; fileRef = 570C457B1AA2311400977EF5 /* NLinkTests.swift */; };
/* End PBXBuildFile section */

/* Begin PBXContainerItemProxy section */
		570C45761AA2311400977EF5 /* PBXContainerItemProxy */ = {
			isa = PBXContainerItemProxy;
			containerPortal = 570C45581AA2311400977EF5 /* Project object */;
			proxyType = 1;
			remoteGlobalIDString = 570C455F1AA2311400977EF5;
			remoteInfo = NLink;
		};
/* End PBXContainerItemProxy section */

/* Begin PBXFileReference section */
		570C45601AA2311400977EF5 /* NLink.app */ = {isa = PBXFileReference; explicitFileType = wrapper.application; includeInIndex = 0; path = NLink.app; sourceTree = BUILT_PRODUCTS_DIR; };
		570C45641AA2311400977EF5 /* Info.plist */ = {isa = PBXFileReference; lastKnownFileType = text.plist.xml; path = Info.plist; sourceTree = "<group>"; };
		570C45651AA2311400977EF5 /* AppDelegate.swift */ = {isa = PBXFileReference; lastKnownFileType = sourcecode.swift; path = AppDelegate.swift; sourceTree = "<group>"; };
		570C45671AA2311400977EF5 /* ViewController.swift */ = {isa = PBXFileReference; lastKnownFileType = sourcecode.swift; path = ViewController.swift; sourceTree = "<group>"; };
		570C456A1AA2311400977EF5 /* Base */ = {isa = PBXFileReference; lastKnownFileType = file.storyboard; name = Base; path = Base.lproj/Main.storyboard; sourceTree = "<group>"; };
		570C456C1AA2311400977EF5 /* Images.xcassets */ = {isa = PBXFileReference; lastKnownFileType = folder.assetcatalog; path = Images.xcassets; sourceTree = "<group>"; };
		570C456F1AA2311400977EF5 /* Base */ = {isa = PBXFileReference; lastKnownFileType = file.xib; name = Base; path = Base.lproj/LaunchScreen.xib; sourceTree = "<group>"; };
		570C45751AA2311400977EF5 /* NLinkTests.xctest */ = {isa = PBXFileReference; explicitFileType = wrapper.cfbundle; includeInIndex = 0; path = NLinkTests.xctest; sourceTree = BUILT_PRODUCTS_DIR; };
		570C457A1AA2311400977EF5 /* Info.plist */ = {isa = PBXFileReference; lastKnownFileType = text.plist.xml; path = Info.plist; sourceTree = "<group>"; };
		570C457B1AA2311400977EF5 /* NLinkTests.swift */ = {isa = PBXFileReference; lastKnownFileType = sourcecode.swift; path = NLinkTests.swift; sourceTree = "<group>"; };
/* End PBXFileReference section */

/* Begin PBXFrameworksBuildPhase section */
		570C455D1AA2311400977EF5 /* Frameworks */ = {
			isa = PBXFrameworksBuildPhase;
			buildActionMask = 2147483647;
			files = (
			);
			runOnlyForDeploymentPostprocessing = 0;
		};
		570C45721AA2311400977EF5 /* Frameworks */ = {
			isa = PBXFrameworksBuildPhase;
			buildActionMask = 2147483647;
			files = (
			);
			runOnlyForDeploymentPostprocessing = 0;
		};
/* End PBXFrameworksBuildPhase section */

/* Begin PBXGroup section */
		570C45571AA2311400977EF5 = {
			isa = PBXGroup;
			children = (
				570C45621AA2311400977EF5 /* NLink */,
				570C45781AA2311400977EF5 /* NLinkTests */,
				570C45611AA2311400977EF5 /* Products */,
			);
			sourceTree = "<group>";
		};
		570C45611AA2311400977EF5 /* Products */ = {
			isa = PBXGroup;
			children = (
				570C45601AA2311400977EF5 /* NLink.app */,
				570C45751AA2311400977EF5 /* NLinkTests.xctest */,
			);
			name = Products;
			sourceTree = "<group>";
		};
		570C45621AA2311400977EF5 /* NLink */ = {
			isa = PBXGroup;
			children = (
				570C45651AA2311400977EF5 /* AppDelegate.swift */,
				570C45671AA2311400977EF5 /* ViewController.swift */,
				570C45691AA2311400977EF5 /* Main.storyboard */,
				570C456C1AA2311400977EF5 /* Images.xcassets */,
				570C456E1AA2311400977EF5 /* LaunchScreen.xib */,
				570C45631AA2311400977EF5 /* Supporting Files */,
			);
			path = NLink;
			sourceTree = "<group>";
		};
		570C45631AA2311400977EF5 /* Supporting Files */ = {
			isa = PBXGroup;
			children = (
				570C45641AA2311400977EF5 /* Info.plist */,
			);
			name = "Supporting Files";
			sourceTree = "<group>";
		};
		570C45781AA2311400977EF5 /* NLinkTests */ = {
			isa = PBXGroup;
			children = (
				570C457B1AA2311400977EF5 /* NLinkTests.swift */,
				570C45791AA2311400977EF5 /* Supporting Files */,
			);
			path = NLinkTests;
			sourceTree = "<group>";
		};
		570C45791AA2311400977EF5 /* Supporting Files */ = {
			isa = PBXGroup;
			children = (
				570C457A1AA2311400977EF5 /* Info.plist */,
			);
			name = "Supporting Files";
			sourceTree = "<group>";
		};
/* End PBXGroup section */

/* Begin PBXNativeTarget section */
		570C455F1AA2311400977EF5 /* NLink */ = {
			isa = PBXNativeTarget;
			buildConfigurationList = 570C457F1AA2311500977EF5 /* Build configuration list for PBXNativeTarget "NLink" */;
			buildPhases = (
				570C455C1AA2311400977EF5 /* Sources */,
				570C455D1AA2311400977EF5 /* Frameworks */,
				570C455E1AA2311400977EF5 /* Resources */,
			);
			buildRules = (
			);
			dependencies = (
			);
			name = NLink;
			productName = NLink;
			productReference = 570C45601AA2311400977EF5 /* NLink.app */;
			productType = "com.apple.product-type.application";
		};
		570C45741AA2311400977EF5 /* NLinkTests */ = {
			isa = PBXNativeTarget;
			buildConfigurationList = 570C45821AA2311500977EF5 /* Build configuration list for PBXNativeTarget "NLinkTests" */;
			buildPhases = (
				570C45711AA2311400977EF5 /* Sources */,
				570C45721AA2311400977EF5 /* Frameworks */,
				570C45731AA2311400977EF5 /* Resources */,
			);
			buildRules = (
			);
			dependencies = (
				570C45771AA2311400977EF5 /* PBXTargetDependency */,
			);
			name = NLinkTests;
			productName = NLinkTests;
			productReference = 570C45751AA2311400977EF5 /* NLinkTests.xctest */;
			productType = "com.apple.product-type.bundle.unit-test";
		};
/* End PBXNativeTarget section */

/* Begin PBXProject section */
		570C45581AA2311400977EF5 /* Project object */ = {
			isa = PBXProject;
			attributes = {
				LastUpgradeCheck = 0610;
				ORGANIZATIONNAME = cicloon;
				TargetAttributes = {
					570C455F1AA2311400977EF5 = {
						CreatedOnToolsVersion = 6.1.1;
					};
					570C45741AA2311400977EF5 = {
						CreatedOnToolsVersion = 6.1.1;
						TestTargetID = 570C455F1AA2311400977EF5;
					};
				};
			};
			buildConfigurationList = 570C455B1AA2311400977EF5 /* Build configuration list for PBXProject "NLink" */;
			compatibilityVersion = "Xcode 3.2";
			developmentRegion = English;
			hasScannedForEncodings = 0;
			knownRegions = (
				en,
				Base,
			);
			mainGroup = 570C45571AA2311400977EF5;
			productRefGroup = 570C45611AA2311400977EF5 /* Products */;
			projectDirPath = "";
			projectRoot = "";
			targets = (
				570C455F1AA2311400977EF5 /* NLink */,
				570C45741AA2311400977EF5 /* NLinkTests */,
			);
		};
/* End PBXProject section */

/* Begin PBXResourcesBuildPhase section */
		570C455E1AA2311400977EF5 /* Resources */ = {
			isa = PBXResourcesBuildPhase;
			buildActionMask = 2147483647;
			files = (
				570C456B1AA2311400977EF5 /* Main.storyboard in Resources */,
				570C45701AA2311400977EF5 /* LaunchScreen.xib in Resources */,
				570C456D1AA2311400977EF5 /* Images.xcassets in Resources */,
			);
			runOnlyForDeploymentPostprocessing = 0;
		};
		570C45731AA2311400977EF5 /* Resources */ = {
			isa = PBXResourcesBuildPhase;
			buildActionMask = 2147483647;
			files = (
			);
			runOnlyForDeploymentPostprocessing = 0;
		};
/* End PBXResourcesBuildPhase section */

/* Begin PBXSourcesBuildPhase section */
		570C455C1AA2311400977EF5 /* Sources */ = {
			isa = PBXSourcesBuildPhase;
			buildActionMask = 2147483647;
			files = (
				570C45681AA2311400977EF5 /* ViewController.swift in Sources */,
				570C45661AA2311400977EF5 /* AppDelegate.swift in Sources */,
			);
			runOnlyForDeploymentPostprocessing = 0;
		};
		570C45711AA2311400977EF5 /* Sources */ = {
			isa = PBXSourcesBuildPhase;
			buildActionMask = 2147483647;
			files = (
				570C457C1AA2311400977EF5 /* NLinkTests.swift in Sources */,
			);
			runOnlyForDeploymentPostprocessing = 0;
		};
/* End PBXSourcesBuildPhase section */

/* Begin PBXTargetDependency section */
		570C45771AA2311400977EF5 /* PBXTargetDependency */ = {
			isa = PBXTargetDependency;
			target = 570C455F1AA2311400977EF5 /* NLink */;
			targetProxy = 570C45761AA2311400977EF5 /* PBXContainerItemProxy */;
		};
/* End PBXTargetDependency section */

/* Begin PBXVariantGroup section */
		570C45691AA2311400977EF5 /* Main.storyboard */ = {
			isa = PBXVariantGroup;
			children = (
				570C456A1AA2311400977EF5 /* Base */,
			);
			name = Main.storyboard;
			sourceTree = "<group>";
		};
		570C456E1AA2311400977EF5 /* LaunchScreen.xib */ = {
			isa = PBXVariantGroup;
			children = (
				570C456F1AA2311400977EF5 /* Base */,
			);
			name = LaunchScreen.xib;
			sourceTree = "<group>";
		};
/* End PBXVariantGroup section */

/* Begin XCBuildConfiguration section */
		570C457D1AA2311500977EF5 /* Debug */ = {
			isa = XCBuildConfiguration;
			buildSettings = {
				ALWAYS_SEARCH_USER_PATHS = NO;
				CLANG_CXX_LANGUAGE_STANDARD = "gnu++0x";
				CLANG_CXX_LIBRARY = "libc++";
				CLANG_ENABLE_MODULES = YES;
				CLANG_ENABLE_OBJC_ARC = YES;
				CLANG_WARN_BOOL_CONVERSION = YES;
				CLANG_WARN_CONSTANT_CONVERSION = YES;
				CLANG_WARN_DIRECT_OBJC_ISA_USAGE = YES_ERROR;
				CLANG_WARN_EMPTY_BODY = YES;
				CLANG_WARN_ENUM_CONVERSION = YES;
				CLANG_WARN_INT_CONVERSION = YES;
				CLANG_WARN_OBJC_ROOT_CLASS = YES_ERROR;
				CLANG_WARN_UNREACHABLE_CODE = YES;
				CLANG_WARN__DUPLICATE_METHOD_MATCH = YES;
				"CODE_SIGN_IDENTITY[sdk=iphoneos*]" = "iPhone Developer";
				COPY_PHASE_STRIP = NO;
				ENABLE_STRICT_OBJC_MSGSEND = YES;
				GCC_C_LANGUAGE_STANDARD = gnu99;
				GCC_DYNAMIC_NO_PIC = NO;
				GCC_OPTIMIZATION_LEVEL = 0;
				GCC_PREPROCESSOR_DEFINITIONS = (
					"DEBUG=1",
					"$(inherited)",
				);
				GCC_SYMBOLS_PRIVATE_EXTERN = NO;
				GCC_WARN_64_TO_32_BIT_CONVERSION = YES;
				GCC_WARN_ABOUT_RETURN_TYPE = YES_ERROR;
				GCC_WARN_UNDECLARED_SELECTOR = YES;
				GCC_WARN_UNINITIALIZED_AUTOS = YES_AGGRESSIVE;
				GCC_WARN_UNUSED_FUNCTION = YES;
				GCC_WARN_UNUSED_VARIABLE = YES;
				IPHONEOS_DEPLOYMENT_TARGET = 8.1;
				MTL_ENABLE_DEBUG_INFO = YES;
				ONLY_ACTIVE_ARCH = YES;
				SDKROOT = iphoneos;
				SWIFT_OPTIMIZATION_LEVEL = "-Onone";
				TARGETED_DEVICE_FAMILY = "1,2";
			};
			name = Debug;
		};
		570C457E1AA2311500977EF5 /* Release */ = {
			isa = XCBuildConfiguration;
			buildSettings = {
				ALWAYS_SEARCH_USER_PATHS = NO;
				CLANG_CXX_LANGUAGE_STANDARD = "gnu++0x";
				CLANG_CXX_LIBRARY = "libc++";
				CLANG_ENABLE_MODULES = YES;
				CLANG_ENABLE_OBJC_ARC = YES;
				CLANG_WARN_BOOL_CONVERSION = YES;
				CLANG_WARN_CONSTANT_CONVERSION = YES;
				CLANG_WARN_DIRECT_OBJC_ISA_USAGE = YES_ERROR;
				CLANG_WARN_EMPTY_BODY = YES;
				CLANG_WARN_ENUM_CONVERSION = YES;
				CLANG_WARN_INT_CONVERSION = YES;
				CLANG_WARN_OBJC_ROOT_CLASS = YES_ERROR;
				CLANG_WARN_UNREACHABLE_CODE = YES;
				CLANG_WARN__DUPLICATE_METHOD_MATCH = YES;
				"CODE_SIGN_IDENTITY[sdk=iphoneos*]" = "iPhone Developer";
				COPY_PHASE_STRIP = YES;
				ENABLE_NS_ASSERTIONS = NO;
				ENABLE_STRICT_OBJC_MSGSEND = YES;
				GCC_C_LANGUAGE_STANDARD = gnu99;
				GCC_WARN_64_TO_32_BIT_CONVERSION = YES;
				GCC_WARN_ABOUT_RETURN_TYPE = YES_ERROR;
				GCC_WARN_UNDECLARED_SELECTOR = YES;
				GCC_WARN_UNINITIALIZED_AUTOS = YES_AGGRESSIVE;
				GCC_WARN_UNUSED_FUNCTION = YES;
				GCC_WARN_UNUSED_VARIABLE = YES;
				IPHONEOS_DEPLOYMENT_TARGET = 8.1;
				MTL_ENABLE_DEBUG_INFO = NO;
				SDKROOT = iphoneos;
				TARGETED_DEVICE_FAMILY = "1,2";
				VALIDATE_PRODUCT = YES;
			};
			name = Release;
		};
		570C45801AA2311500977EF5 /* Debug */ = {
			isa = XCBuildConfiguration;
			buildSettings = {
				ASSETCATALOG_COMPILER_APPICON_NAME = AppIcon;
				INFOPLIST_FILE = NLink/Info.plist;
				LD_RUNPATH_SEARCH_PATHS = "$(inherited) @executable_path/Frameworks";
				PRODUCT_NAME = "$(TARGET_NAME)";
			};
			name = Debug;
		};
		570C45811AA2311500977EF5 /* Release */ = {
			isa = XCBuildConfiguration;
			buildSettings = {
				ASSETCATALOG_COMPILER_APPICON_NAME = AppIcon;
				INFOPLIST_FILE = NLink/Info.plist;
				LD_RUNPATH_SEARCH_PATHS = "$(inherited) @executable_path/Frameworks";
				PRODUCT_NAME = "$(TARGET_NAME)";
			};
			name = Release;
		};
		570C45831AA2311500977EF5 /* Debug */ = {
			isa = XCBuildConfiguration;
			buildSettings = {
				BUNDLE_LOADER = "$(TEST_HOST)";
				FRAMEWORK_SEARCH_PATHS = (
					"$(SDKROOT)/Developer/Library/Frameworks",
					"$(inherited)",
				);
				GCC_PREPROCESSOR_DEFINITIONS = (
					"DEBUG=1",
					"$(inherited)",
				);
				INFOPLIST_FILE = NLinkTests/Info.plist;
				LD_RUNPATH_SEARCH_PATHS = "$(inherited) @executable_path/Frameworks @loader_path/Frameworks";
				PRODUCT_NAME = "$(TARGET_NAME)";
				TEST_HOST = "$(BUILT_PRODUCTS_DIR)/NLink.app/NLink";
			};
			name = Debug;
		};
		570C45841AA2311500977EF5 /* Release */ = {
			isa = XCBuildConfiguration;
			buildSettings = {
				BUNDLE_LOADER = "$(TEST_HOST)";
				FRAMEWORK_SEARCH_PATHS = (
					"$(SDKROOT)/Developer/Library/Frameworks",
					"$(inherited)",
				);
				INFOPLIST_FILE = NLinkTests/Info.plist;
				LD_RUNPATH_SEARCH_PATHS = "$(inherited) @executable_path/Frameworks @loader_path/Frameworks";
				PRODUCT_NAME = "$(TARGET_NAME)";
				TEST_HOST = "$(BUILT_PRODUCTS_DIR)/NLink.app/NLink";
			};
			name = Release;
		};
/* End XCBuildConfiguration section */

/* Begin XCConfigurationList section */
		570C455B1AA2311400977EF5 /* Build configuration list for PBXProject "NLink" */ = {
			isa = XCConfigurationList;
			buildConfigurations = (
				570C457D1AA2311500977EF5 /* Debug */,
				570C457E1AA2311500977EF5 /* Release */,
			);
			defaultConfigurationIsVisible = 0;
			defaultConfigurationName = Release;
		};
		570C457F1AA2311500977EF5 /* Build configuration list for PBXNativeTarget "NLink" */ = {
			isa = XCConfigurationList;
			buildConfigurations = (
				570C45801AA2311500977EF5 /* Debug */,
				570C45811AA2311500977EF5 /* Release */,
			);
			defaultConfigurationIsVisible = 0;
		};
		570C45821AA2311500977EF5 /* Build configuration list for PBXNativeTarget "NLinkTests" */ = {
			isa = XCConfigurationList;
			buildConfigurations = (
				570C45831AA2311500977EF5 /* Debug */,
				570C45841AA2311500977EF5 /* Release */,
			);
			defaultConfigurationIsVisible = 0;
		};
/* End XCConfigurationList section */
	};
	rootObject = 570C45581AA2311400977EF5 /* Project object */;
}
